{
    "_readme": [
        "This file locks the dependencies of your project to a known state",
        "Read more about it at https://getcomposer.org/doc/01-basic-usage.md#installing-dependencies",
        "This file is @generated automatically"
    ],
    "content-hash": "9e7d10ee573c55a9527a33b4f0eb2168",
    "packages": [
        {
            "name": "caxy/php-htmldiff",
            "version": "v0.1.13",
            "source": {
                "type": "git",
                "url": "https://github.com/caxy/php-htmldiff.git",
                "reference": "aca63d7da8c9cf3c0c3c27fb41af1ffb1b1d4b3a"
            },
            "dist": {
                "type": "zip",
                "url": "https://api.github.com/repos/caxy/php-htmldiff/zipball/aca63d7da8c9cf3c0c3c27fb41af1ffb1b1d4b3a",
                "reference": "aca63d7da8c9cf3c0c3c27fb41af1ffb1b1d4b3a",
                "shasum": ""
            },
            "require": {
                "ext-dom": "*",
                "ext-mbstring": "*",
                "ezyang/htmlpurifier": "^4.7",
                "php": ">=7.3"
            },
            "require-dev": {
                "doctrine/cache": "~1.0",
                "phpunit/phpunit": "~9.0"
            },
            "suggest": {
                "doctrine/cache": "Used for caching the calculated diffs using a Doctrine Cache Provider"
            },
            "type": "library",
            "extra": {
                "branch-alias": {
                    "dev-master": "0.1.x-dev"
                }
            },
            "autoload": {
                "psr-0": {
                    "Caxy\\HtmlDiff": "lib/"
                }
            },
            "notification-url": "https://packagist.org/downloads/",
            "license": [
                "GPL-2.0"
            ],
            "authors": [
                {
                    "name": "Josh Schroeder",
                    "email": "jschroeder@caxy.com",
                    "homepage": "http://www.caxy.com"
                }
            ],
            "description": "A library for comparing two HTML files/snippets and highlighting the differences using simple HTML.",
            "homepage": "https://github.com/caxy/php-htmldiff",
            "keywords": [
                "diff",
                "html"
            ],
            "time": "2021-09-27T22:01:33+00:00"
        },
        {
            "name": "ezyang/htmlpurifier",
            "version": "v4.13.0",
            "source": {
                "type": "git",
                "url": "https://github.com/ezyang/htmlpurifier.git",
                "reference": "08e27c97e4c6ed02f37c5b2b20488046c8d90d75"
            },
            "dist": {
                "type": "zip",
                "url": "https://api.github.com/repos/ezyang/htmlpurifier/zipball/08e27c97e4c6ed02f37c5b2b20488046c8d90d75",
                "reference": "08e27c97e4c6ed02f37c5b2b20488046c8d90d75",
                "shasum": ""
            },
            "require": {
                "php": ">=5.2"
            },
            "require-dev": {
                "simpletest/simpletest": "dev-master#72de02a7b80c6bb8864ef9bf66d41d2f58f826bd"
            },
            "type": "library",
            "autoload": {
                "psr-0": {
                    "HTMLPurifier": "library/"
                },
                "files": [
                    "library/HTMLPurifier.composer.php"
                ],
                "exclude-from-classmap": [
                    "/library/HTMLPurifier/Language/"
                ]
            },
            "notification-url": "https://packagist.org/downloads/",
            "license": [
                "LGPL-2.1-or-later"
            ],
            "authors": [
                {
                    "name": "Edward Z. Yang",
                    "email": "admin@htmlpurifier.org",
                    "homepage": "http://ezyang.com"
                }
            ],
            "description": "Standards compliant HTML filter written in PHP",
            "homepage": "http://htmlpurifier.org/",
            "keywords": [
                "html"
            ],
            "time": "2020-06-29T00:56:53+00:00"
        }
    ],
    "packages-dev": [],
    "aliases": [],
    "minimum-stability": "stable",
    "stability-flags": [],
    "prefer-stable": false,
    "prefer-lowest": false,
    "platform": [],
    "platform-dev": []
}
